
Microsoft Visual Studio Solution File, Format Version 12.00
# Visual Studio Version 17
VisualStudioVersion = 17.9.34607.119
MinimumVisualStudioVersion = 10.0.40219.1
Project("{FAE04EC0-301F-11D3-BF4B-00C04F79EFBC}") = "A_Game", "A_Game\A_Game.csproj", "{C7B4EF42-CB91-42C6-B6E6-25CDDF47F368}"
EndProject
Global
	GlobalSection(SolutionConfigurationPlatforms) = preSolution
		Debug|Any CPU = Debug|Any CPU
		Release|Any CPU = Release|Any CPU
	EndGlobalSection
	GlobalSection(ProjectConfigurationPlatforms) = postSolution
		{C7B4EF42-CB91-42C6-B6E6-25CDDF47F368}.Debug|Any CPU.ActiveCfg = Debug|Any CPU
		{C7B4EF42-CB91-42C6-B6E6-25CDDF47F368}.Debug|Any CPU.Build.0 = Debug|Any CPU
		{C7B4EF42-CB91-42C6-B6E6-25CDDF47F368}.Release|Any CPU.ActiveCfg = Release|Any CPU
		{C7B4EF42-CB91-42C6-B6E6-25CDDF47F368}.Release|Any CPU.Build.0 = Release|Any CPU
	EndGlobalSection
	GlobalSection(SolutionProperties) = preSolution
		HideSolutionNode = FALSE
	EndGlobalSection
	GlobalSection(ExtensibilityGlobals) = postSolution
		SolutionGuid = {81E78609-D9C6-4C45-BA6F-9F408C25C561}
	EndGlobalSection
EndGlobal
